
Microsoft Visual Studio Solution File, Format Version 12.00
# Visual Studio Version 17
VisualStudioVersion = 17.3.32804.467
MinimumVisualStudioVersion = 10.0.40219.1
Project("{9A19103F-16F7-4668-BE54-9A1E7A4F7556}") = "WebApi", "WebApi\WebApi.csproj", "{FDDCAB98-519E-49BF-833B-777116EDDE5B}"
EndProject
Project("{FAE04EC0-301F-11D3-BF4B-00C04F79EFBC}") = "Crawler", "Crawler\Crawler.csproj", "{7FD37BAD-82AF-4F92-9F45-81929366F129}"
EndProject
Global
	GlobalSection(SolutionConfigurationPlatforms) = preSolution
		Debug|Any CPU = Debug|Any CPU
		Release|Any CPU = Release|Any CPU
	EndGlobalSection
	GlobalSection(ProjectConfigurationPlatforms) = postSolution
		{FDDCAB98-519E-49BF-833B-777116EDDE5B}.Debug|Any CPU.ActiveCfg = Debug|Any CPU
		{FDDCAB98-519E-49BF-833B-777116EDDE5B}.Debug|Any CPU.Build.0 = Debug|Any CPU
		{FDDCAB98-519E-49BF-833B-777116EDDE5B}.Release|Any CPU.ActiveCfg = Release|Any CPU
		{FDDCAB98-519E-49BF-833B-777116EDDE5B}.Release|Any CPU.Build.0 = Release|Any CPU
		{7FD37BAD-82AF-4F92-9F45-81929366F129}.Debug|Any CPU.ActiveCfg = Debug|Any CPU
		{7FD37BAD-82AF-4F92-9F45-81929366F129}.Debug|Any CPU.Build.0 = Debug|Any CPU
		{7FD37BAD-82AF-4F92-9F45-81929366F129}.Release|Any CPU.ActiveCfg = Release|Any CPU
		{7FD37BAD-82AF-4F92-9F45-81929366F129}.Release|Any CPU.Build.0 = Release|Any CPU
	EndGlobalSection
	GlobalSection(SolutionProperties) = preSolution
		HideSolutionNode = FALSE
	EndGlobalSection
	GlobalSection(ExtensibilityGlobals) = postSolution
		SolutionGuid = {2A990ECD-ADC4-4B95-858C-75FD4272ECA0}
	EndGlobalSection
EndGlobal
